
Microsoft Visual Studio Solution File, Format Version 12.00
# Visual Studio Version 17
VisualStudioVersion = 17.12.35707.178
MinimumVisualStudioVersion = 10.0.40219.1
Project("{FAE04EC0-301F-11D3-BF4B-00C04F79EFBC}") = "Civulator", "Civulator\Civulator.csproj", "{AE1B49E6-38C8-477F-ADB3-671CEFBDBA8D}"
EndProject
Project("{FAE04EC0-301F-11D3-BF4B-00C04F79EFBC}") = "Civulator.UI", "Civulator.UI\Civulator.UI.csproj", "{227E8B66-3985-477B-B774-590AC561322B}"
EndProject
Project("{FAE04EC0-301F-11D3-BF4B-00C04F79EFBC}") = "Civulator.UI.Desktop", "Civulator.UI.Desktop\Civulator.UI.Desktop.csproj", "{0D4506D6-4BCC-411B-B37D-7E7AAE02F960}"
EndProject
Project("{FAE04EC0-301F-11D3-BF4B-00C04F79EFBC}") = "Civulator.Engine", "Civulator.Engine\Civulator.Engine.csproj", "{EE1CDAB0-FA07-49A6-822A-269F83779EAB}"
EndProject
Global
	GlobalSection(SolutionConfigurationPlatforms) = preSolution
		Debug|Any CPU = Debug|Any CPU
		Release|Any CPU = Release|Any CPU
	EndGlobalSection
	GlobalSection(ProjectConfigurationPlatforms) = postSolution
		{AE1B49E6-38C8-477F-ADB3-671CEFBDBA8D}.Debug|Any CPU.ActiveCfg = Debug|Any CPU
		{AE1B49E6-38C8-477F-ADB3-671CEFBDBA8D}.Debug|Any CPU.Build.0 = Debug|Any CPU
		{AE1B49E6-38C8-477F-ADB3-671CEFBDBA8D}.Release|Any CPU.ActiveCfg = Release|Any CPU
		{AE1B49E6-38C8-477F-ADB3-671CEFBDBA8D}.Release|Any CPU.Build.0 = Release|Any CPU
		{227E8B66-3985-477B-B774-590AC561322B}.Debug|Any CPU.ActiveCfg = Debug|Any CPU
		{227E8B66-3985-477B-B774-590AC561322B}.Debug|Any CPU.Build.0 = Debug|Any CPU
		{227E8B66-3985-477B-B774-590AC561322B}.Release|Any CPU.ActiveCfg = Release|Any CPU
		{227E8B66-3985-477B-B774-590AC561322B}.Release|Any CPU.Build.0 = Release|Any CPU
		{0D4506D6-4BCC-411B-B37D-7E7AAE02F960}.Debug|Any CPU.ActiveCfg = Debug|Any CPU
		{0D4506D6-4BCC-411B-B37D-7E7AAE02F960}.Debug|Any CPU.Build.0 = Debug|Any CPU
		{0D4506D6-4BCC-411B-B37D-7E7AAE02F960}.Release|Any CPU.ActiveCfg = Release|Any CPU
		{0D4506D6-4BCC-411B-B37D-7E7AAE02F960}.Release|Any CPU.Build.0 = Release|Any CPU
		{EE1CDAB0-FA07-49A6-822A-269F83779EAB}.Debug|Any CPU.ActiveCfg = Debug|Any CPU
		{EE1CDAB0-FA07-49A6-822A-269F83779EAB}.Debug|Any CPU.Build.0 = Debug|Any CPU
		{EE1CDAB0-FA07-49A6-822A-269F83779EAB}.Release|Any CPU.ActiveCfg = Release|Any CPU
		{EE1CDAB0-FA07-49A6-822A-269F83779EAB}.Release|Any CPU.Build.0 = Release|Any CPU
	EndGlobalSection
	GlobalSection(SolutionProperties) = preSolution
		HideSolutionNode = FALSE
	EndGlobalSection
	GlobalSection(ExtensibilityGlobals) = postSolution
		SolutionGuid = {E0405F04-FE47-468A-A2DC-A74A820C11AD}
	EndGlobalSection
EndGlobal
